{
  "name": "client",
  "version": "1.0.0",
  "lockfileVersion": 1,
  "requires": true,
  "dependencies": {
    "lottie-web": {
      "version": "5.7.1",
      "resolved": "https://registry.npmjs.org/lottie-web/-/lottie-web-5.7.1.tgz",
      "integrity": "sha512-f7kO4Qcurldc9SWfGUuwgs96/SCT+hwATMCdMK6I/sd6EYK3Y0Ciz40yAvq0x9uXzrk6KKcnQrqijZM8Ir4Drg=="
    }
  }
}
